// !$*UTF8*$!
{
	archiveVersion = 1;
	classes = {
	};
	objectVersion = 50;
	objects = {

/* Begin PBXBuildFile section */
		80B4167922602D9800CD1D59 /* AppDelegate.swift in Sources */ = {isa = PBXBuildFile; fileRef = 80B4167822602D9800CD1D59 /* AppDelegate.swift */; };
		80B4167B22602D9800CD1D59 /* ViewController.swift in Sources */ = {isa = PBXBuildFile; fileRef = 80B4167A22602D9800CD1D59 /* ViewController.swift */; };
		80B4167E22602D9800CD1D59 /* Main.storyboard in Resources */ = {isa = PBXBuildFile; fileRef = 80B4167C22602D9800CD1D59 /* Main.storyboard */; };
		80B4168022602D9B00CD1D59 /* Assets.xcassets in Resources */ = {isa = PBXBuildFile; fileRef = 80B4167F22602D9B00CD1D59 /* Assets.xcassets */; };
		80B4168322602D9B00CD1D59 /* LaunchScreen.storyboard in Resources */ = {isa = PBXBuildFile; fileRef = 80B4168122602D9B00CD1D59 /* LaunchScreen.storyboard */; };
		80B4168E22602D9B00CD1D59 /* UserInterfaceTests.swift in Sources */ = {isa = PBXBuildFile; fileRef = 80B4168D22602D9B00CD1D59 /* UserInterfaceTests.swift */; };
		80B4169922602D9B00CD1D59 /* UserInterfaceUITests.swift in Sources */ = {isa = PBXBuildFile; fileRef = 80B4169822602D9B00CD1D59 /* UserInterfaceUITests.swift */; };
/* End PBXBuildFile section */

/* Begin PBXContainerItemProxy section */
		80B4168A22602D9B00CD1D59 /* PBXContainerItemProxy */ = {
			isa = PBXContainerItemProxy;
			containerPortal = 80B4166D22602D9800CD1D59 /* Project object */;
			proxyType = 1;
			remoteGlobalIDString = 80B4167422602D9800CD1D59;
			remoteInfo = UserInterface;
		};
		80B4169522602D9B00CD1D59 /* PBXContainerItemProxy */ = {
			isa = PBXContainerItemProxy;
			containerPortal = 80B4166D22602D9800CD1D59 /* Project object */;
			proxyType = 1;
			remoteGlobalIDString = 80B4167422602D9800CD1D59;
			remoteInfo = UserInterface;
		};
/* End PBXContainerItemProxy section */

/* Begin PBXFileReference section */
		80B4167522602D9800CD1D59 /* UserInterface.app */ = {isa = PBXFileReference; explicitFileType = wrapper.application; includeInIndex = 0; path = UserInterface.app; sourceTree = BUILT_PRODUCTS_DIR; };
		80B4167822602D9800CD1D59 /* AppDelegate.swift */ = {isa = PBXFileReference; lastKnownFileType = sourcecode.swift; path = AppDelegate.swift; sourceTree = "<group>"; };
		80B4167A22602D9800CD1D59 /* ViewController.swift */ = {isa = PBXFileReference; lastKnownFileType = sourcecode.swift; path = ViewController.swift; sourceTree = "<group>"; };
		80B4167D22602D9800CD1D59 /* Base */ = {isa = PBXFileReference; lastKnownFileType = file.storyboard; name = Base; path = Base.lproj/Main.storyboard; sourceTree = "<group>"; };
		80B4167F22602D9B00CD1D59 /* Assets.xcassets */ = {isa = PBXFileReference; lastKnownFileType = folder.assetcatalog; path = Assets.xcassets; sourceTree = "<group>"; };
		80B4168222602D9B00CD1D59 /* Base */ = {isa = PBXFileReference; lastKnownFileType = file.storyboard; name = Base; path = Base.lproj/LaunchScreen.storyboard; sourceTree = "<group>"; };
		80B4168422602D9B00CD1D59 /* Info.plist */ = {isa = PBXFileReference; lastKnownFileType = text.plist.xml; path = Info.plist; sourceTree = "<group>"; };
		80B4168922602D9B00CD1D59 /* UserInterfaceTests.xctest */ = {isa = PBXFileReference; explicitFileType = wrapper.cfbundle; includeInIndex = 0; path = UserInterfaceTests.xctest; sourceTree = BUILT_PRODUCTS_DIR; };
		80B4168D22602D9B00CD1D59 /* UserInterfaceTests.swift */ = {isa = PBXFileReference; lastKnownFileType = sourcecode.swift; path = UserInterfaceTests.swift; sourceTree = "<group>"; };
		80B4168F22602D9B00CD1D59 /* Info.plist */ = {isa = PBXFileReference; lastKnownFileType = text.plist.xml; path = Info.plist; sourceTree = "<group>"; };
		80B4169422602D9B00CD1D59 /* UserInterfaceUITests.xctest */ = {isa = PBXFileReference; explicitFileType = wrapper.cfbundle; includeInIndex = 0; path = UserInterfaceUITests.xctest; sourceTree = BUILT_PRODUCTS_DIR; };
		80B4169822602D9B00CD1D59 /* UserInterfaceUITests.swift */ = {isa = PBXFileReference; lastKnownFileType = sourcecode.swift; path = UserInterfaceUITests.swift; sourceTree = "<group>"; };
		80B4169A22602D9B00CD1D59 /* Info.plist */ = {isa = PBXFileReference; lastKnownFileType = text.plist.xml; path = Info.plist; sourceTree = "<group>"; };
/* End PBXFileReference section */

/* Begin PBXFrameworksBuildPhase section */
		80B4167222602D9800CD1D59 /* Frameworks */ = {
			isa = PBXFrameworksBuildPhase;
			buildActionMask = 2147483647;
			files = (
			);
			runOnlyForDeploymentPostprocessing = 0;
		};
		80B4168622602D9B00CD1D59 /* Frameworks */ = {
			isa = PBXFrameworksBuildPhase;
			buildActionMask = 2147483647;
			files = (
			);
			runOnlyForDeploymentPostprocessing = 0;
		};
		80B4169122602D9B00CD1D59 /* Frameworks */ = {
			isa = PBXFrameworksBuildPhase;
			buildActionMask = 2147483647;
			files = (
			);
			runOnlyForDeploymentPostprocessing = 0;
		};
/* End PBXFrameworksBuildPhase section */

/* Begin PBXGroup section */
		80B4166C22602D9800CD1D59 = {
			isa = PBXGroup;
			children = (
				80B4167722602D9800CD1D59 /* UserInterface */,
				80B4168C22602D9B00CD1D59 /* UserInterfaceTests */,
				80B4169722602D9B00CD1D59 /* UserInterfaceUITests */,
				80B4167622602D9800CD1D59 /* Products */,
			);
			sourceTree = "<group>";
		};
		80B4167622602D9800CD1D59 /* Products */ = {
			isa = PBXGroup;
			children = (
				80B4167522602D9800CD1D59 /* UserInterface.app */,
				80B4168922602D9B00CD1D59 /* UserInterfaceTests.xctest */,
				80B4169422602D9B00CD1D59 /* UserInterfaceUITests.xctest */,
			);
			name = Products;
			sourceTree = "<group>";
		};
		80B4167722602D9800CD1D59 /* UserInterface */ = {
			isa = PBXGroup;
			children = (
				80B4167822602D9800CD1D59 /* AppDelegate.swift */,
				80B4167A22602D9800CD1D59 /* ViewController.swift */,
				80B4167C22602D9800CD1D59 /* Main.storyboard */,
				80B4167F22602D9B00CD1D59 /* Assets.xcassets */,
				80B4168122602D9B00CD1D59 /* LaunchScreen.storyboard */,
				80B4168422602D9B00CD1D59 /* Info.plist */,
			);
			path = UserInterface;
			sourceTree = "<group>";
		};
		80B4168C22602D9B00CD1D59 /* UserInterfaceTests */ = {
			isa = PBXGroup;
			children = (
				80B4168D22602D9B00CD1D59 /* UserInterfaceTests.swift */,
				80B4168F22602D9B00CD1D59 /* Info.plist */,
			);
			path = UserInterfaceTests;
			sourceTree = "<group>";
		};
		80B4169722602D9B00CD1D59 /* UserInterfaceUITests */ = {
			isa = PBXGroup;
			children = (
				80B4169822602D9B00CD1D59 /* UserInterfaceUITests.swift */,
				80B4169A22602D9B00CD1D59 /* Info.plist */,
			);
			path = UserInterfaceUITests;
			sourceTree = "<group>";
		};
/* End PBXGroup section */

/* Begin PBXNativeTarget section */
		80B4167422602D9800CD1D59 /* UserInterface */ = {
			isa = PBXNativeTarget;
			buildConfigurationList = 80B4169D22602D9B00CD1D59 /* Build configuration list for PBXNativeTarget "UserInterface" */;
			buildPhases = (
				80B4167122602D9800CD1D59 /* Sources */,
				80B4167222602D9800CD1D59 /* Frameworks */,
				80B4167322602D9800CD1D59 /* Resources */,
			);
			buildRules = (
			);
			dependencies = (
			);
			name = UserInterface;
			productName = UserInterface;
			productReference = 80B4167522602D9800CD1D59 /* UserInterface.app */;
			productType = "com.apple.product-type.application";
		};
		80B4168822602D9B00CD1D59 /* UserInterfaceTests */ = {
			isa = PBXNativeTarget;
			buildConfigurationList = 80B416A022602D9B00CD1D59 /* Build configuration list for PBXNativeTarget "UserInterfaceTests" */;
			buildPhases = (
				80B4168522602D9B00CD1D59 /* Sources */,
				80B4168622602D9B00CD1D59 /* Frameworks */,
				80B4168722602D9B00CD1D59 /* Resources */,
			);
			buildRules = (
			);
			dependencies = (
				80B4168B22602D9B00CD1D59 /* PBXTargetDependency */,
			);
			name = UserInterfaceTests;
			productName = UserInterfaceTests;
			productReference = 80B4168922602D9B00CD1D59 /* UserInterfaceTests.xctest */;
			productType = "com.apple.product-type.bundle.unit-test";
		};
		80B4169322602D9B00CD1D59 /* UserInterfaceUITests */ = {
			isa = PBXNativeTarget;
			buildConfigurationList = 80B416A322602D9B00CD1D59 /* Build configuration list for PBXNativeTarget "UserInterfaceUITests" */;
			buildPhases = (
				80B4169022602D9B00CD1D59 /* Sources */,
				80B4169122602D9B00CD1D59 /* Frameworks */,
				80B4169222602D9B00CD1D59 /* Resources */,
			);
			buildRules = (
			);
			dependencies = (
				80B4169622602D9B00CD1D59 /* PBXTargetDependency */,
			);
			name = UserInterfaceUITests;
			productName = UserInterfaceUITests;
			productReference = 80B4169422602D9B00CD1D59 /* UserInterfaceUITests.xctest */;
			productType = "com.apple.product-type.bundle.ui-testing";
		};
/* End PBXNativeTarget section */

/* Begin PBXProject section */
		80B4166D22602D9800CD1D59 /* Project object */ = {
			isa = PBXProject;
			attributes = {
				LastSwiftUpdateCheck = 1020;
				LastUpgradeCheck = 1020;
				ORGANIZATIONNAME = Ninxxi;
				TargetAttributes = {
					80B4167422602D9800CD1D59 = {
						CreatedOnToolsVersion = 10.2;
					};
					80B4168822602D9B00CD1D59 = {
						CreatedOnToolsVersion = 10.2;
						TestTargetID = 80B4167422602D9800CD1D59;
					};
					80B4169322602D9B00CD1D59 = {
						CreatedOnToolsVersion = 10.2;
						TestTargetID = 80B4167422602D9800CD1D59;
					};
				};
			};
			buildConfigurationList = 80B4167022602D9800CD1D59 /* Build configuration list for PBXProject "UserInterface" */;
			compatibilityVersion = "Xcode 9.3";
			developmentRegion = en;
			hasScannedForEncodings = 0;
			knownRegions = (
				en,
				Base,
			);
			mainGroup = 80B4166C22602D9800CD1D59;
			productRefGroup = 80B4167622602D9800CD1D59 /* Products */;
			projectDirPath = "";
			projectRoot = "";
			targets = (
				80B4167422602D9800CD1D59 /* UserInterface */,
				80B4168822602D9B00CD1D59 /* UserInterfaceTests */,
				80B4169322602D9B00CD1D59 /* UserInterfaceUITests */,
			);
		};
/* End PBXProject section */

/* Begin PBXResourcesBuildPhase section */
		80B4167322602D9800CD1D59 /* Resources */ = {
			isa = PBXResourcesBuildPhase;
			buildActionMask = 2147483647;
			files = (
				80B4168322602D9B00CD1D59 /* LaunchScreen.storyboard in Resources */,
				80B4168022602D9B00CD1D59 /* Assets.xcassets in Resources */,
				80B4167E22602D9800CD1D59 /* Main.storyboard in Resources */,
			);
			runOnlyForDeploymentPostprocessing = 0;
		};
		80B4168722602D9B00CD1D59 /* Resources */ = {
			isa = PBXResourcesBuildPhase;
			buildActionMask = 2147483647;
			files = (
			);
			runOnlyForDeploymentPostprocessing = 0;
		};
		80B4169222602D9B00CD1D59 /* Resources */ = {
			isa = PBXResourcesBuildPhase;
			buildActionMask = 2147483647;
			files = (
			);
			runOnlyForDeploymentPostprocessing = 0;
		};
/* End PBXResourcesBuildPhase section */

/* Begin PBXSourcesBuildPhase section */
		80B4167122602D9800CD1D59 /* Sources */ = {
			isa = PBXSourcesBuildPhase;
			buildActionMask = 2147483647;
			files = (
				80B4167B22602D9800CD1D59 /* ViewController.swift in Sources */,
				80B4167922602D9800CD1D59 /* AppDelegate.swift in Sources */,
			);
			runOnlyForDeploymentPostprocessing = 0;
		};
		80B4168522602D9B00CD1D59 /* Sources */ = {
			isa = PBXSourcesBuildPhase;
			buildActionMask = 2147483647;
			files = (
				80B4168E22602D9B00CD1D59 /* UserInterfaceTests.swift in Sources */,
			);
			runOnlyForDeploymentPostprocessing = 0;
		};
		80B4169022602D9B00CD1D59 /* Sources */ = {
			isa = PBXSourcesBuildPhase;
			buildActionMask = 2147483647;
			files = (
				80B4169922602D9B00CD1D59 /* UserInterfaceUITests.swift in Sources */,
			);
			runOnlyForDeploymentPostprocessing = 0;
		};
/* End PBXSourcesBuildPhase section */

/* Begin PBXTargetDependency section */
		80B4168B22602D9B00CD1D59 /* PBXTargetDependency */ = {
			isa = PBXTargetDependency;
			target = 80B4167422602D9800CD1D59 /* UserInterface */;
			targetProxy = 80B4168A22602D9B00CD1D59 /* PBXContainerItemProxy */;
		};
		80B4169622602D9B00CD1D59 /* PBXTargetDependency */ = {
			isa = PBXTargetDependency;
			target = 80B4167422602D9800CD1D59 /* UserInterface */;
			targetProxy = 80B4169522602D9B00CD1D59 /* PBXContainerItemProxy */;
		};
/* End PBXTargetDependency section */

/* Begin PBXVariantGroup section */
		80B4167C22602D9800CD1D59 /* Main.storyboard */ = {
			isa = PBXVariantGroup;
			children = (
				80B4167D22602D9800CD1D59 /* Base */,
			);
			name = Main.storyboard;
			sourceTree = "<group>";
		};
		80B4168122602D9B00CD1D59 /* LaunchScreen.storyboard */ = {
			isa = PBXVariantGroup;
			children = (
				80B4168222602D9B00CD1D59 /* Base */,
			);
			name = LaunchScreen.storyboard;
			sourceTree = "<group>";
		};
/* End PBXVariantGroup section */

/* Begin XCBuildConfiguration section */
		80B4169B22602D9B00CD1D59 /* Debug */ = {
			isa = XCBuildConfiguration;
			buildSettings = {
				ALWAYS_SEARCH_USER_PATHS = NO;
				CLANG_ANALYZER_NONNULL = YES;
				CLANG_ANALYZER_NUMBER_OBJECT_CONVERSION = YES_AGGRESSIVE;
				CLANG_CXX_LANGUAGE_STANDARD = "gnu++14";
				CLANG_CXX_LIBRARY = "libc++";
				CLANG_ENABLE_MODULES = YES;
				CLANG_ENABLE_OBJC_ARC = YES;
				CLANG_ENABLE_OBJC_WEAK = YES;
				CLANG_WARN_BLOCK_CAPTURE_AUTORELEASING = YES;
				CLANG_WARN_BOOL_CONVERSION = YES;
				CLANG_WARN_COMMA = YES;
				CLANG_WARN_CONSTANT_CONVERSION = YES;
				CLANG_WARN_DEPRECATED_OBJC_IMPLEMENTATIONS = YES;
				CLANG_WARN_DIRECT_OBJC_ISA_USAGE = YES_ERROR;
				CLANG_WARN_DOCUMENTATION_COMMENTS = YES;
				CLANG_WARN_EMPTY_BODY = YES;
				CLANG_WARN_ENUM_CONVERSION = YES;
				CLANG_WARN_INFINITE_RECURSION = YES;
				CLANG_WARN_INT_CONVERSION = YES;
				CLANG_WARN_NON_LITERAL_NULL_CONVERSION = YES;
				CLANG_WARN_OBJC_IMPLICIT_RETAIN_SELF = YES;
				CLANG_WARN_OBJC_LITERAL_CONVERSION = YES;
				CLANG_WARN_OBJC_ROOT_CLASS = YES_ERROR;
				CLANG_WARN_RANGE_LOOP_ANALYSIS = YES;
				CLANG_WARN_STRICT_PROTOTYPES = YES;
				CLANG_WARN_SUSPICIOUS_MOVE = YES;
				CLANG_WARN_UNGUARDED_AVAILABILITY = YES_AGGRESSIVE;
				CLANG_WARN_UNREACHABLE_CODE = YES;
				CLANG_WARN__DUPLICATE_METHOD_MATCH = YES;
				CODE_SIGN_IDENTITY = "iPhone Developer";
				COPY_PHASE_STRIP = NO;
				DEBUG_INFORMATION_FORMAT = dwarf;
				ENABLE_STRICT_OBJC_MSGSEND = YES;
				ENABLE_TESTABILITY = YES;
				GCC_C_LANGUAGE_STANDARD = gnu11;
				GCC_DYNAMIC_NO_PIC = NO;
				GCC_NO_COMMON_BLOCKS = YES;
				GCC_OPTIMIZATION_LEVEL = 0;
				GCC_PREPROCESSOR_DEFINITIONS = (
					"DEBUG=1",
					"$(inherited)",
				);
				GCC_WARN_64_TO_32_BIT_CONVERSION = YES;
				GCC_WARN_ABOUT_RETURN_TYPE = YES_ERROR;
				GCC_WARN_UNDECLARED_SELECTOR = YES;
				GCC_WARN_UNINITIALIZED_AUTOS = YES_AGGRESSIVE;
				GCC_WARN_UNUSED_FUNCTION = YES;
				GCC_WARN_UNUSED_VARIABLE = YES;
				IPHONEOS_DEPLOYMENT_TARGET = 12.2;
				MTL_ENABLE_DEBUG_INFO = INCLUDE_SOURCE;
				MTL_FAST_MATH = YES;
				ONLY_ACTIVE_ARCH = YES;
				SDKROOT = iphoneos;
				SWIFT_ACTIVE_COMPILATION_CONDITIONS = DEBUG;
				SWIFT_OPTIMIZATION_LEVEL = "-Onone";
			};
			name = Debug;
		};
		80B4169C22602D9B00CD1D59 /* Release */ = {
			isa = XCBuildConfiguration;
			buildSettings = {
				ALWAYS_SEARCH_USER_PATHS = NO;
				CLANG_ANALYZER_NONNULL = YES;
				CLANG_ANALYZER_NUMBER_OBJECT_CONVERSION = YES_AGGRESSIVE;
				CLANG_CXX_LANGUAGE_STANDARD = "gnu++14";
				CLANG_CXX_LIBRARY = "libc++";
				CLANG_ENABLE_MODULES = YES;
				CLANG_ENABLE_OBJC_ARC = YES;
				CLANG_ENABLE_OBJC_WEAK = YES;
				CLANG_WARN_BLOCK_CAPTURE_AUTORELEASING = YES;
				CLANG_WARN_BOOL_CONVERSION = YES;
				CLANG_WARN_COMMA = YES;
				CLANG_WARN_CONSTANT_CONVERSION = YES;
				CLANG_WARN_DEPRECATED_OBJC_IMPLEMENTATIONS = YES;
				CLANG_WARN_DIRECT_OBJC_ISA_USAGE = YES_ERROR;
				CLANG_WARN_DOCUMENTATION_COMMENTS = YES;
				CLANG_WARN_EMPTY_BODY = YES;
				CLANG_WARN_ENUM_CONVERSION = YES;
				CLANG_WARN_INFINITE_RECURSION = YES;
				CLANG_WARN_INT_CONVERSION = YES;
				CLANG_WARN_NON_LITERAL_NULL_CONVERSION = YES;
				CLANG_WARN_OBJC_IMPLICIT_RETAIN_SELF = YES;
				CLANG_WARN_OBJC_LITERAL_CONVERSION = YES;
				CLANG_WARN_OBJC_ROOT_CLASS = YES_ERROR;
				CLANG_WARN_RANGE_LOOP_ANALYSIS = YES;
				CLANG_WARN_STRICT_PROTOTYPES = YES;
				CLANG_WARN_SUSPICIOUS_MOVE = YES;
				CLANG_WARN_UNGUARDED_AVAILABILITY = YES_AGGRESSIVE;
				CLANG_WARN_UNREACHABLE_CODE = YES;
				CLANG_WARN__DUPLICATE_METHOD_MATCH = YES;
				CODE_SIGN_IDENTITY = "iPhone Developer";
				COPY_PHASE_STRIP = NO;
				DEBUG_INFORMATION_FORMAT = "dwarf-with-dsym";
				ENABLE_NS_ASSERTIONS = NO;
				ENABLE_STRICT_OBJC_MSGSEND = YES;
				GCC_C_LANGUAGE_STANDARD = gnu11;
				GCC_NO_COMMON_BLOCKS = YES;
				GCC_WARN_64_TO_32_BIT_CONVERSION = YES;
				GCC_WARN_ABOUT_RETURN_TYPE = YES_ERROR;
				GCC_WARN_UNDECLARED_SELECTOR = YES;
				GCC_WARN_UNINITIALIZED_AUTOS = YES_AGGRESSIVE;
				GCC_WARN_UNUSED_FUNCTION = YES;
				GCC_WARN_UNUSED_VARIABLE = YES;
				IPHONEOS_DEPLOYMENT_TARGET = 12.2;
				MTL_ENABLE_DEBUG_INFO = NO;
				MTL_FAST_MATH = YES;
				SDKROOT = iphoneos;
				SWIFT_COMPILATION_MODE = wholemodule;
				SWIFT_OPTIMIZATION_LEVEL = "-O";
				VALIDATE_PRODUCT = YES;
			};
			name = Release;
		};
		80B4169E22602D9B00CD1D59 /* Debug */ = {
			isa = XCBuildConfiguration;
			buildSettings = {
				ASSETCATALOG_COMPILER_APPICON_NAME = AppIcon;
				CODE_SIGN_STYLE = Automatic;
				INFOPLIST_FILE = UserInterface/Info.plist;
				LD_RUNPATH_SEARCH_PATHS = (
					"$(inherited)",
					"@executable_path/Frameworks",
				);
				PRODUCT_BUNDLE_IDENTIFIER = Ninxxi.UserInterface;
				PRODUCT_NAME = "$(TARGET_NAME)";
				SWIFT_VERSION = 5.0;
				TARGETED_DEVICE_FAMILY = "1,2";
			};
			name = Debug;
		};
		80B4169F22602D9B00CD1D59 /* Release */ = {
			isa = XCBuildConfiguration;
			buildSettings = {
				ASSETCATALOG_COMPILER_APPICON_NAME = AppIcon;
				CODE_SIGN_STYLE = Automatic;
				INFOPLIST_FILE = UserInterface/Info.plist;
				LD_RUNPATH_SEARCH_PATHS = (
					"$(inherited)",
					"@executable_path/Frameworks",
				);
				PRODUCT_BUNDLE_IDENTIFIER = Ninxxi.UserInterface;
				PRODUCT_NAME = "$(TARGET_NAME)";
				SWIFT_VERSION = 5.0;
				TARGETED_DEVICE_FAMILY = "1,2";
			};
			name = Release;
		};
		80B416A122602D9B00CD1D59 /* Debug */ = {
			isa = XCBuildConfiguration;
			buildSettings = {
				ALWAYS_EMBED_SWIFT_STANDARD_LIBRARIES = YES;
				BUNDLE_LOADER = "$(TEST_HOST)";
				CODE_SIGN_STYLE = Automatic;
				INFOPLIST_FILE = UserInterfaceTests/Info.plist;
				LD_RUNPATH_SEARCH_PATHS = (
					"$(inherited)",
					"@executable_path/Frameworks",
					"@loader_path/Frameworks",
				);
				PRODUCT_BUNDLE_IDENTIFIER = Ninxxi.UserInterfaceTests;
				PRODUCT_NAME = "$(TARGET_NAME)";
				SWIFT_VERSION = 5.0;
				TARGETED_DEVICE_FAMILY = "1,2";
				TEST_HOST = "$(BUILT_PRODUCTS_DIR)/UserInterface.app/UserInterface";
			};
			name = Debug;
		};
		80B416A222602D9B00CD1D59 /* Release */ = {
			isa = XCBuildConfiguration;
			buildSettings = {
				ALWAYS_EMBED_SWIFT_STANDARD_LIBRARIES = YES;
				BUNDLE_LOADER = "$(TEST_HOST)";
				CODE_SIGN_STYLE = Automatic;
				INFOPLIST_FILE = UserInterfaceTests/Info.plist;
				LD_RUNPATH_SEARCH_PATHS = (
					"$(inherited)",
					"@executable_path/Frameworks",
					"@loader_path/Frameworks",
				);
				PRODUCT_BUNDLE_IDENTIFIER = Ninxxi.UserInterfaceTests;
				PRODUCT_NAME = "$(TARGET_NAME)";
				SWIFT_VERSION = 5.0;
				TARGETED_DEVICE_FAMILY = "1,2";
				TEST_HOST = "$(BUILT_PRODUCTS_DIR)/UserInterface.app/UserInterface";
			};
			name = Release;
		};
		80B416A422602D9B00CD1D59 /* Debug */ = {
			isa = XCBuildConfiguration;
			buildSettings = {
				ALWAYS_EMBED_SWIFT_STANDARD_LIBRARIES = YES;
				CODE_SIGN_STYLE = Automatic;
				INFOPLIST_FILE = UserInterfaceUITests/Info.plist;
				LD_RUNPATH_SEARCH_PATHS = (
					"$(inherited)",
					"@executable_path/Frameworks",
					"@loader_path/Frameworks",
				);
				PRODUCT_BUNDLE_IDENTIFIER = Ninxxi.UserInterfaceUITests;
				PRODUCT_NAME = "$(TARGET_NAME)";
				SWIFT_VERSION = 5.0;
				TARGETED_DEVICE_FAMILY = "1,2";
				TEST_TARGET_NAME = UserInterface;
			};
			name = Debug;
		};
		80B416A522602D9B00CD1D59 /* Release */ = {
			isa = XCBuildConfiguration;
			buildSettings = {
				ALWAYS_EMBED_SWIFT_STANDARD_LIBRARIES = YES;
				CODE_SIGN_STYLE = Automatic;
				INFOPLIST_FILE = UserInterfaceUITests/Info.plist;
				LD_RUNPATH_SEARCH_PATHS = (
					"$(inherited)",
					"@executable_path/Frameworks",
					"@loader_path/Frameworks",
				);
				PRODUCT_BUNDLE_IDENTIFIER = Ninxxi.UserInterfaceUITests;
				PRODUCT_NAME = "$(TARGET_NAME)";
				SWIFT_VERSION = 5.0;
				TARGETED_DEVICE_FAMILY = "1,2";
				TEST_TARGET_NAME = UserInterface;
			};
			name = Release;
		};
/* End XCBuildConfiguration section */

/* Begin XCConfigurationList section */
		80B4167022602D9800CD1D59 /* Build configuration list for PBXProject "UserInterface" */ = {
			isa = XCConfigurationList;
			buildConfigurations = (
				80B4169B22602D9B00CD1D59 /* Debug */,
				80B4169C22602D9B00CD1D59 /* Release */,
			);
			defaultConfigurationIsVisible = 0;
			defaultConfigurationName = Release;
		};
		80B4169D22602D9B00CD1D59 /* Build configuration list for PBXNativeTarget "UserInterface" */ = {
			isa = XCConfigurationList;
			buildConfigurations = (
				80B4169E22602D9B00CD1D59 /* Debug */,
				80B4169F22602D9B00CD1D59 /* Release */,
			);
			defaultConfigurationIsVisible = 0;
			defaultConfigurationName = Release;
		};
		80B416A022602D9B00CD1D59 /* Build configuration list for PBXNativeTarget "UserInterfaceTests" */ = {
			isa = XCConfigurationList;
			buildConfigurations = (
				80B416A122602D9B00CD1D59 /* Debug */,
				80B416A222602D9B00CD1D59 /* Release */,
			);
			defaultConfigurationIsVisible = 0;
			defaultConfigurationName = Release;
		};
		80B416A322602D9B00CD1D59 /* Build configuration list for PBXNativeTarget "UserInterfaceUITests" */ = {
			isa = XCConfigurationList;
			buildConfigurations = (
				80B416A422602D9B00CD1D59 /* Debug */,
				80B416A522602D9B00CD1D59 /* Release */,
			);
			defaultConfigurationIsVisible = 0;
			defaultConfigurationName = Release;
		};
/* End XCConfigurationList section */
	};
	rootObject = 80B4166D22602D9800CD1D59 /* Project object */;
}
